
Microsoft Visual Studio Solution File, Format Version 12.00
Project("{FAE04EC0-301F-11D3-BF4B-00C04F79EFBC}") = "MP.Algs.2.Graphs", "MP.Algs.2.Graphs\MP.Algs.2.Graphs.csproj", "{CF0EFB1B-72D2-4B29-AC81-8AAA5F7BD8B3}"
EndProject
Project("{FAE04EC0-301F-11D3-BF4B-00C04F79EFBC}") = "Wpf.Hanoi.Tower", "Wpf.Hanoi.Tower\Wpf.Hanoi.Tower.csproj", "{68A7C808-BACF-4D22-91F5-4033FB3430FE}"
EndProject
Project("{FAE04EC0-301F-11D3-BF4B-00C04F79EFBC}") = "Wpf.Fractals", "Wpf.Fractals\Wpf.Fractals.csproj", "{5797F6FD-E2C0-4A73-ABCE-018B874C5455}"
EndProject
Project("{FAE04EC0-301F-11D3-BF4B-00C04F79EFBC}") = "Wpf.Fractals.Sierpinski", "Wpf.Fractals.Sierpinski\Wpf.Fractals.Sierpinski.csproj", "{1E5771B9-DCB4-444A-AFCD-26C3BF6B470C}"
EndProject
Project("{FAE04EC0-301F-11D3-BF4B-00C04F79EFBC}") = "MP.Prims.Algorithm", "MP.Prims.Algorithm\MP.Prims.Algorithm.csproj", "{CA130A41-A407-45E6-AC97-7DC2DA1E3C0B}"
EndProject
Project("{FAE04EC0-301F-11D3-BF4B-00C04F79EFBC}") = "MP.Kruskals.Algorithm", "MP.Kruskals.Algorithm\MP.Kruskals.Algorithm.csproj", "{4E09DE5F-2673-4336-BB4A-FA676C10741E}"
EndProject
Project("{FAE04EC0-301F-11D3-BF4B-00C04F79EFBC}") = "MP.BellmanFord.Algorithm", "MP.BellmanFord.Algorithm\MP.BellmanFord.Algorithm.csproj", "{5D84655C-67C1-4235-A0B2-C060D7DFB5A4}"
EndProject
Project("{FAE04EC0-301F-11D3-BF4B-00C04F79EFBC}") = "MP.Floyds.Algorithm", "MP.Floyds.Algorithm\MP.Floyds.Algorithm.csproj", "{4E439352-DFB8-443B-9602-135F207B92DD}"
EndProject
Global
	GlobalSection(SolutionConfigurationPlatforms) = preSolution
		Debug|Any CPU = Debug|Any CPU
		Release|Any CPU = Release|Any CPU
	EndGlobalSection
	GlobalSection(ProjectConfigurationPlatforms) = postSolution
		{CF0EFB1B-72D2-4B29-AC81-8AAA5F7BD8B3}.Debug|Any CPU.ActiveCfg = Debug|Any CPU
		{CF0EFB1B-72D2-4B29-AC81-8AAA5F7BD8B3}.Debug|Any CPU.Build.0 = Debug|Any CPU
		{CF0EFB1B-72D2-4B29-AC81-8AAA5F7BD8B3}.Release|Any CPU.ActiveCfg = Release|Any CPU
		{CF0EFB1B-72D2-4B29-AC81-8AAA5F7BD8B3}.Release|Any CPU.Build.0 = Release|Any CPU
		{68A7C808-BACF-4D22-91F5-4033FB3430FE}.Debug|Any CPU.ActiveCfg = Debug|Any CPU
		{68A7C808-BACF-4D22-91F5-4033FB3430FE}.Debug|Any CPU.Build.0 = Debug|Any CPU
		{68A7C808-BACF-4D22-91F5-4033FB3430FE}.Release|Any CPU.ActiveCfg = Release|Any CPU
		{68A7C808-BACF-4D22-91F5-4033FB3430FE}.Release|Any CPU.Build.0 = Release|Any CPU
		{5797F6FD-E2C0-4A73-ABCE-018B874C5455}.Debug|Any CPU.ActiveCfg = Debug|Any CPU
		{5797F6FD-E2C0-4A73-ABCE-018B874C5455}.Debug|Any CPU.Build.0 = Debug|Any CPU
		{5797F6FD-E2C0-4A73-ABCE-018B874C5455}.Release|Any CPU.ActiveCfg = Release|Any CPU
		{5797F6FD-E2C0-4A73-ABCE-018B874C5455}.Release|Any CPU.Build.0 = Release|Any CPU
		{1E5771B9-DCB4-444A-AFCD-26C3BF6B470C}.Debug|Any CPU.ActiveCfg = Debug|Any CPU
		{1E5771B9-DCB4-444A-AFCD-26C3BF6B470C}.Debug|Any CPU.Build.0 = Debug|Any CPU
		{1E5771B9-DCB4-444A-AFCD-26C3BF6B470C}.Release|Any CPU.ActiveCfg = Release|Any CPU
		{1E5771B9-DCB4-444A-AFCD-26C3BF6B470C}.Release|Any CPU.Build.0 = Release|Any CPU
		{CA130A41-A407-45E6-AC97-7DC2DA1E3C0B}.Debug|Any CPU.ActiveCfg = Debug|Any CPU
		{CA130A41-A407-45E6-AC97-7DC2DA1E3C0B}.Debug|Any CPU.Build.0 = Debug|Any CPU
		{CA130A41-A407-45E6-AC97-7DC2DA1E3C0B}.Release|Any CPU.ActiveCfg = Release|Any CPU
		{CA130A41-A407-45E6-AC97-7DC2DA1E3C0B}.Release|Any CPU.Build.0 = Release|Any CPU
		{4E09DE5F-2673-4336-BB4A-FA676C10741E}.Debug|Any CPU.ActiveCfg = Debug|Any CPU
		{4E09DE5F-2673-4336-BB4A-FA676C10741E}.Debug|Any CPU.Build.0 = Debug|Any CPU
		{4E09DE5F-2673-4336-BB4A-FA676C10741E}.Release|Any CPU.ActiveCfg = Release|Any CPU
		{4E09DE5F-2673-4336-BB4A-FA676C10741E}.Release|Any CPU.Build.0 = Release|Any CPU
		{5D84655C-67C1-4235-A0B2-C060D7DFB5A4}.Debug|Any CPU.ActiveCfg = Debug|Any CPU
		{5D84655C-67C1-4235-A0B2-C060D7DFB5A4}.Debug|Any CPU.Build.0 = Debug|Any CPU
		{5D84655C-67C1-4235-A0B2-C060D7DFB5A4}.Release|Any CPU.ActiveCfg = Release|Any CPU
		{5D84655C-67C1-4235-A0B2-C060D7DFB5A4}.Release|Any CPU.Build.0 = Release|Any CPU
		{4E439352-DFB8-443B-9602-135F207B92DD}.Debug|Any CPU.ActiveCfg = Debug|Any CPU
		{4E439352-DFB8-443B-9602-135F207B92DD}.Debug|Any CPU.Build.0 = Debug|Any CPU
		{4E439352-DFB8-443B-9602-135F207B92DD}.Release|Any CPU.ActiveCfg = Release|Any CPU
		{4E439352-DFB8-443B-9602-135F207B92DD}.Release|Any CPU.Build.0 = Release|Any CPU
	EndGlobalSection
EndGlobal
